
Microsoft Visual Studio Solution File, Format Version 12.00
# Visual Studio 15
VisualStudioVersion = 15.0.27428.2027
MinimumVisualStudioVersion = 10.0.40219.1
Project("{FAE04EC0-301F-11D3-BF4B-00C04F79EFBC}") = "ExampleEndpoint", "ExampleEndpoint\ExampleEndpoint.csproj", "{8EB8EDC1-79B6-4493-8E0C-C6A9EB40DC39}"
EndProject
Project("{2150E333-8FDC-42A3-9474-1A3956D46DE8}") = "Solution Items", "Solution Items", "{D3C0AF1D-15BC-4952-BB71-37DECF781249}"
	ProjectSection(SolutionItems) = preProject
		..\README.md = ..\README.md
	EndProjectSection
EndProject
Global
	GlobalSection(SolutionConfigurationPlatforms) = preSolution
		Debug|Any CPU = Debug|Any CPU
		Release|Any CPU = Release|Any CPU
	EndGlobalSection
	GlobalSection(ProjectConfigurationPlatforms) = postSolution
		{8EB8EDC1-79B6-4493-8E0C-C6A9EB40DC39}.Debug|Any CPU.ActiveCfg = Debug|Any CPU
		{8EB8EDC1-79B6-4493-8E0C-C6A9EB40DC39}.Debug|Any CPU.Build.0 = Debug|Any CPU
		{8EB8EDC1-79B6-4493-8E0C-C6A9EB40DC39}.Release|Any CPU.ActiveCfg = Release|Any CPU
		{8EB8EDC1-79B6-4493-8E0C-C6A9EB40DC39}.Release|Any CPU.Build.0 = Release|Any CPU
	EndGlobalSection
	GlobalSection(SolutionProperties) = preSolution
		HideSolutionNode = FALSE
	EndGlobalSection
	GlobalSection(ExtensibilityGlobals) = postSolution
		SolutionGuid = {E5293596-1390-45C1-8DB0-C353C5A5E693}
	EndGlobalSection
EndGlobal
